
Microsoft Visual Studio Solution File, Format Version 12.00
# Visual Studio Version 16
VisualStudioVersion = 16.0.29920.165
MinimumVisualStudioVersion = 10.0.40219.1
Project("{9A19103F-16F7-4668-BE54-9A1E7A4F7556}") = "BinaryFactor.Utilities", "BinaryFactor.Utilities\BinaryFactor.Utilities.csproj", "{E076719E-B4B7-4466-9F67-117A3B20A6BE}"
EndProject
Project("{9A19103F-16F7-4668-BE54-9A1E7A4F7556}") = "BinaryFactor.Utilities.Tests", "BinaryFactor.Utilities.Tests\BinaryFactor.Utilities.Tests.csproj", "{2330EB67-F3B4-4E50-AFA6-F78393A74619}"
EndProject
Project("{2150E333-8FDC-42A3-9474-1A3956D46DE8}") = "Solution Items", "Solution Items", "{5F3AB62E-A1FB-4645-94CA-9D9FCB02FAB9}"
	ProjectSection(SolutionItems) = preProject
		..\.gitignore = ..\.gitignore
		..\global.json = ..\global.json
		..\go-helpers.ps1 = ..\go-helpers.ps1
		..\go.bat = ..\go.bat
		..\go.ps1 = ..\go.ps1
		..\license.txt = ..\license.txt
		..\readme.md = ..\readme.md
		..\version.json = ..\version.json
	EndProjectSection
EndProject
Global
	GlobalSection(SolutionConfigurationPlatforms) = preSolution
		Debug|Any CPU = Debug|Any CPU
		Release|Any CPU = Release|Any CPU
	EndGlobalSection
	GlobalSection(ProjectConfigurationPlatforms) = postSolution
		{E076719E-B4B7-4466-9F67-117A3B20A6BE}.Debug|Any CPU.ActiveCfg = Debug|Any CPU
		{E076719E-B4B7-4466-9F67-117A3B20A6BE}.Debug|Any CPU.Build.0 = Debug|Any CPU
		{E076719E-B4B7-4466-9F67-117A3B20A6BE}.Release|Any CPU.ActiveCfg = Release|Any CPU
		{E076719E-B4B7-4466-9F67-117A3B20A6BE}.Release|Any CPU.Build.0 = Release|Any CPU
		{2330EB67-F3B4-4E50-AFA6-F78393A74619}.Debug|Any CPU.ActiveCfg = Debug|Any CPU
		{2330EB67-F3B4-4E50-AFA6-F78393A74619}.Debug|Any CPU.Build.0 = Debug|Any CPU
		{2330EB67-F3B4-4E50-AFA6-F78393A74619}.Release|Any CPU.ActiveCfg = Release|Any CPU
		{2330EB67-F3B4-4E50-AFA6-F78393A74619}.Release|Any CPU.Build.0 = Release|Any CPU
	EndGlobalSection
	GlobalSection(SolutionProperties) = preSolution
		HideSolutionNode = FALSE
	EndGlobalSection
	GlobalSection(ExtensibilityGlobals) = postSolution
		SolutionGuid = {2895DBEC-3817-4968-BB72-6E80D4E7A862}
	EndGlobalSection
EndGlobal
